
Microsoft Visual Studio Solution File, Format Version 12.00
# Visual Studio Version 16
VisualStudioVersion = 16.0.31605.320
MinimumVisualStudioVersion = 10.0.40219.1
Project("{2150E333-8FDC-42A3-9474-1A3956D46DE8}") = "src", "src", "{C98DFA39-65EA-4F76-8621-BD36744ECD57}"
EndProject
Project("{2150E333-8FDC-42A3-9474-1A3956D46DE8}") = "1-Domain", "1-Domain", "{DFC6A407-0C42-4D1F-B977-CD1AC32B4506}"
EndProject
Project("{FAE04EC0-301F-11D3-BF4B-00C04F79EFBC}") = "Domain", "Domainn1\Domain.csproj", "{6EAA3A77-F984-443E-BBAA-C5BFB7537243}"
EndProject
Project("{2150E333-8FDC-42A3-9474-1A3956D46DE8}") = "2-BLL", "2-BLL", "{4757EACD-5F25-4F25-97B6-8489F67AB2F8}"
EndProject
Project("{FAE04EC0-301F-11D3-BF4B-00C04F79EFBC}") = "BLL", "BLL\BLL.csproj", "{745E3A4D-A9A3-4A76-AF51-EAD9C4207DBC}"
EndProject
Project("{2150E333-8FDC-42A3-9474-1A3956D46DE8}") = "3-DAL", "3-DAL", "{8D3E6677-DB56-4421-B459-DA25D3CDF704}"
EndProject
Project("{FAE04EC0-301F-11D3-BF4B-00C04F79EFBC}") = "DAL", "DAL\DAL.csproj", "{99461EF6-7C43-4722-A2A9-5A4997EFD10C}"
EndProject
Project("{2150E333-8FDC-42A3-9474-1A3956D46DE8}") = "4-Presentation", "4-Presentation", "{4B6940ED-1F68-483B-9859-3E90B43C3DD2}"
EndProject
Project("{FAE04EC0-301F-11D3-BF4B-00C04F79EFBC}") = "WebAPPTasks", "WebAPPTasks\WebAPPTasks.csproj", "{3F2F6AA9-96E4-46BA-8DA9-7A77D8660107}"
EndProject
Global
	GlobalSection(SolutionConfigurationPlatforms) = preSolution
		Debug|Any CPU = Debug|Any CPU
		Release|Any CPU = Release|Any CPU
	EndGlobalSection
	GlobalSection(ProjectConfigurationPlatforms) = postSolution
		{6EAA3A77-F984-443E-BBAA-C5BFB7537243}.Debug|Any CPU.ActiveCfg = Debug|Any CPU
		{6EAA3A77-F984-443E-BBAA-C5BFB7537243}.Debug|Any CPU.Build.0 = Debug|Any CPU
		{6EAA3A77-F984-443E-BBAA-C5BFB7537243}.Release|Any CPU.ActiveCfg = Release|Any CPU
		{6EAA3A77-F984-443E-BBAA-C5BFB7537243}.Release|Any CPU.Build.0 = Release|Any CPU
		{745E3A4D-A9A3-4A76-AF51-EAD9C4207DBC}.Debug|Any CPU.ActiveCfg = Debug|Any CPU
		{745E3A4D-A9A3-4A76-AF51-EAD9C4207DBC}.Debug|Any CPU.Build.0 = Debug|Any CPU
		{745E3A4D-A9A3-4A76-AF51-EAD9C4207DBC}.Release|Any CPU.ActiveCfg = Release|Any CPU
		{745E3A4D-A9A3-4A76-AF51-EAD9C4207DBC}.Release|Any CPU.Build.0 = Release|Any CPU
		{99461EF6-7C43-4722-A2A9-5A4997EFD10C}.Debug|Any CPU.ActiveCfg = Debug|Any CPU
		{99461EF6-7C43-4722-A2A9-5A4997EFD10C}.Debug|Any CPU.Build.0 = Debug|Any CPU
		{99461EF6-7C43-4722-A2A9-5A4997EFD10C}.Release|Any CPU.ActiveCfg = Release|Any CPU
		{99461EF6-7C43-4722-A2A9-5A4997EFD10C}.Release|Any CPU.Build.0 = Release|Any CPU
		{3F2F6AA9-96E4-46BA-8DA9-7A77D8660107}.Debug|Any CPU.ActiveCfg = Debug|Any CPU
		{3F2F6AA9-96E4-46BA-8DA9-7A77D8660107}.Debug|Any CPU.Build.0 = Debug|Any CPU
		{3F2F6AA9-96E4-46BA-8DA9-7A77D8660107}.Release|Any CPU.ActiveCfg = Release|Any CPU
		{3F2F6AA9-96E4-46BA-8DA9-7A77D8660107}.Release|Any CPU.Build.0 = Release|Any CPU
	EndGlobalSection
	GlobalSection(SolutionProperties) = preSolution
		HideSolutionNode = FALSE
	EndGlobalSection
	GlobalSection(NestedProjects) = preSolution
		{DFC6A407-0C42-4D1F-B977-CD1AC32B4506} = {C98DFA39-65EA-4F76-8621-BD36744ECD57}
		{6EAA3A77-F984-443E-BBAA-C5BFB7537243} = {DFC6A407-0C42-4D1F-B977-CD1AC32B4506}
		{4757EACD-5F25-4F25-97B6-8489F67AB2F8} = {C98DFA39-65EA-4F76-8621-BD36744ECD57}
		{745E3A4D-A9A3-4A76-AF51-EAD9C4207DBC} = {4757EACD-5F25-4F25-97B6-8489F67AB2F8}
		{8D3E6677-DB56-4421-B459-DA25D3CDF704} = {C98DFA39-65EA-4F76-8621-BD36744ECD57}
		{99461EF6-7C43-4722-A2A9-5A4997EFD10C} = {8D3E6677-DB56-4421-B459-DA25D3CDF704}
		{4B6940ED-1F68-483B-9859-3E90B43C3DD2} = {C98DFA39-65EA-4F76-8621-BD36744ECD57}
		{3F2F6AA9-96E4-46BA-8DA9-7A77D8660107} = {4B6940ED-1F68-483B-9859-3E90B43C3DD2}
	EndGlobalSection
	GlobalSection(ExtensibilityGlobals) = postSolution
		SolutionGuid = {F14F6157-4E1B-43EB-9A23-679A6076BB80}
	EndGlobalSection
EndGlobal
